// !$*UTF8*$!
{
	archiveVersion = 1;
	classes = {
	};
	objectVersion = 56;
	objects = {

/* Begin PBXBuildFile section */
		840571812B260C82003A43A7 /* warDemoApp.swift in Sources */ = {isa = PBXBuildFile; fileRef = 840571802B260C82003A43A7 /* warDemoApp.swift */; };
		840571832B260C82003A43A7 /* GameScreen.swift in Sources */ = {isa = PBXBuildFile; fileRef = 840571822B260C82003A43A7 /* GameScreen.swift */; };
		840571852B260C85003A43A7 /* Assets.xcassets in Resources */ = {isa = PBXBuildFile; fileRef = 840571842B260C85003A43A7 /* Assets.xcassets */; };
		840571882B260C85003A43A7 /* Preview Assets.xcassets in Resources */ = {isa = PBXBuildFile; fileRef = 840571872B260C85003A43A7 /* Preview Assets.xcassets */; };
		840571922B260C85003A43A7 /* warDemoTests.swift in Sources */ = {isa = PBXBuildFile; fileRef = 840571912B260C85003A43A7 /* warDemoTests.swift */; };
		8405719C2B260C85003A43A7 /* warDemoUITests.swift in Sources */ = {isa = PBXBuildFile; fileRef = 8405719B2B260C85003A43A7 /* warDemoUITests.swift */; };
		8405719E2B260C85003A43A7 /* warDemoUITestsLaunchTests.swift in Sources */ = {isa = PBXBuildFile; fileRef = 8405719D2B260C85003A43A7 /* warDemoUITestsLaunchTests.swift */; };
		84A338262B26824800544775 /* UnoGame.swift in Sources */ = {isa = PBXBuildFile; fileRef = 84A338252B26824800544775 /* UnoGame.swift */; };
		84A338282B27825500544775 /* UnoGameModel.swift in Sources */ = {isa = PBXBuildFile; fileRef = 84A338272B27825500544775 /* UnoGameModel.swift */; };
		84B792302B264BAD000B8F7E /* Launch Screen.storyboard in Resources */ = {isa = PBXBuildFile; fileRef = 84B7922F2B264BAD000B8F7E /* Launch Screen.storyboard */; };
		84B792322B265A33000B8F7E /* HomeScreen'.swift in Sources */ = {isa = PBXBuildFile; fileRef = 84B792312B265A33000B8F7E /* HomeScreen'.swift */; };
/* End PBXBuildFile section */

/* Begin PBXContainerItemProxy section */
		8405718E2B260C85003A43A7 /* PBXContainerItemProxy */ = {
			isa = PBXContainerItemProxy;
			containerPortal = 840571752B260C82003A43A7 /* Project object */;
			proxyType = 1;
			remoteGlobalIDString = 8405717C2B260C82003A43A7;
			remoteInfo = warDemo;
		};
		840571982B260C85003A43A7 /* PBXContainerItemProxy */ = {
			isa = PBXContainerItemProxy;
			containerPortal = 840571752B260C82003A43A7 /* Project object */;
			proxyType = 1;
			remoteGlobalIDString = 8405717C2B260C82003A43A7;
			remoteInfo = warDemo;
		};
/* End PBXContainerItemProxy section */

/* Begin PBXFileReference section */
		8405717D2B260C82003A43A7 /* warDemo.app */ = {isa = PBXFileReference; explicitFileType = wrapper.application; includeInIndex = 0; path = warDemo.app; sourceTree = BUILT_PRODUCTS_DIR; };
		840571802B260C82003A43A7 /* warDemoApp.swift */ = {isa = PBXFileReference; lastKnownFileType = sourcecode.swift; path = warDemoApp.swift; sourceTree = "<group>"; };
		840571822B260C82003A43A7 /* GameScreen.swift */ = {isa = PBXFileReference; lastKnownFileType = sourcecode.swift; path = GameScreen.swift; sourceTree = "<group>"; };
		840571842B260C85003A43A7 /* Assets.xcassets */ = {isa = PBXFileReference; lastKnownFileType = folder.assetcatalog; path = Assets.xcassets; sourceTree = "<group>"; };
		840571872B260C85003A43A7 /* Preview Assets.xcassets */ = {isa = PBXFileReference; lastKnownFileType = folder.assetcatalog; path = "Preview Assets.xcassets"; sourceTree = "<group>"; };
		8405718D2B260C85003A43A7 /* warDemoTests.xctest */ = {isa = PBXFileReference; explicitFileType = wrapper.cfbundle; includeInIndex = 0; path = warDemoTests.xctest; sourceTree = BUILT_PRODUCTS_DIR; };
		840571912B260C85003A43A7 /* warDemoTests.swift */ = {isa = PBXFileReference; lastKnownFileType = sourcecode.swift; path = warDemoTests.swift; sourceTree = "<group>"; };
		840571972B260C85003A43A7 /* warDemoUITests.xctest */ = {isa = PBXFileReference; explicitFileType = wrapper.cfbundle; includeInIndex = 0; path = warDemoUITests.xctest; sourceTree = BUILT_PRODUCTS_DIR; };
		8405719B2B260C85003A43A7 /* warDemoUITests.swift */ = {isa = PBXFileReference; lastKnownFileType = sourcecode.swift; path = warDemoUITests.swift; sourceTree = "<group>"; };
		8405719D2B260C85003A43A7 /* warDemoUITestsLaunchTests.swift */ = {isa = PBXFileReference; lastKnownFileType = sourcecode.swift; path = warDemoUITestsLaunchTests.swift; sourceTree = "<group>"; };
		84A338252B26824800544775 /* UnoGame.swift */ = {isa = PBXFileReference; lastKnownFileType = sourcecode.swift; path = UnoGame.swift; sourceTree = "<group>"; };
		84A338272B27825500544775 /* UnoGameModel.swift */ = {isa = PBXFileReference; lastKnownFileType = sourcecode.swift; path = UnoGameModel.swift; sourceTree = "<group>"; };
		84B7922F2B264BAD000B8F7E /* Launch Screen.storyboard */ = {isa = PBXFileReference; lastKnownFileType = file.storyboard; path = "Launch Screen.storyboard"; sourceTree = "<group>"; };
		84B792312B265A33000B8F7E /* HomeScreen'.swift */ = {isa = PBXFileReference; lastKnownFileType = sourcecode.swift; path = "HomeScreen'.swift"; sourceTree = "<group>"; };
/* End PBXFileReference section */

/* Begin PBXFrameworksBuildPhase section */
		8405717A2B260C82003A43A7 /* Frameworks */ = {
			isa = PBXFrameworksBuildPhase;
			buildActionMask = 2147483647;
			files = (
			);
			runOnlyForDeploymentPostprocessing = 0;
		};
		8405718A2B260C85003A43A7 /* Frameworks */ = {
			isa = PBXFrameworksBuildPhase;
			buildActionMask = 2147483647;
			files = (
			);
			runOnlyForDeploymentPostprocessing = 0;
		};
		840571942B260C85003A43A7 /* Frameworks */ = {
			isa = PBXFrameworksBuildPhase;
			buildActionMask = 2147483647;
			files = (
			);
			runOnlyForDeploymentPostprocessing = 0;
		};
/* End PBXFrameworksBuildPhase section */

/* Begin PBXGroup section */
		840571742B260C82003A43A7 = {
			isa = PBXGroup;
			children = (
				8405717F2B260C82003A43A7 /* warDemo */,
				840571902B260C85003A43A7 /* warDemoTests */,
				8405719A2B260C85003A43A7 /* warDemoUITests */,
				8405717E2B260C82003A43A7 /* Products */,
			);
			sourceTree = "<group>";
		};
		8405717E2B260C82003A43A7 /* Products */ = {
			isa = PBXGroup;
			children = (
				8405717D2B260C82003A43A7 /* warDemo.app */,
				8405718D2B260C85003A43A7 /* warDemoTests.xctest */,
				840571972B260C85003A43A7 /* warDemoUITests.xctest */,
			);
			name = Products;
			sourceTree = "<group>";
		};
		8405717F2B260C82003A43A7 /* warDemo */ = {
			isa = PBXGroup;
			children = (
				84B7922F2B264BAD000B8F7E /* Launch Screen.storyboard */,
				840571802B260C82003A43A7 /* warDemoApp.swift */,
				84B792312B265A33000B8F7E /* HomeScreen'.swift */,
				840571822B260C82003A43A7 /* GameScreen.swift */,
				84A338252B26824800544775 /* UnoGame.swift */,
				84A338272B27825500544775 /* UnoGameModel.swift */,
				840571842B260C85003A43A7 /* Assets.xcassets */,
				840571862B260C85003A43A7 /* Preview Content */,
			);
			path = warDemo;
			sourceTree = "<group>";
		};
		840571862B260C85003A43A7 /* Preview Content */ = {
			isa = PBXGroup;
			children = (
				840571872B260C85003A43A7 /* Preview Assets.xcassets */,
			);
			path = "Preview Content";
			sourceTree = "<group>";
		};
		840571902B260C85003A43A7 /* warDemoTests */ = {
			isa = PBXGroup;
			children = (
				840571912B260C85003A43A7 /* warDemoTests.swift */,
			);
			path = warDemoTests;
			sourceTree = "<group>";
		};
		8405719A2B260C85003A43A7 /* warDemoUITests */ = {
			isa = PBXGroup;
			children = (
				8405719B2B260C85003A43A7 /* warDemoUITests.swift */,
				8405719D2B260C85003A43A7 /* warDemoUITestsLaunchTests.swift */,
			);
			path = warDemoUITests;
			sourceTree = "<group>";
		};
/* End PBXGroup section */

/* Begin PBXNativeTarget section */
		8405717C2B260C82003A43A7 /* warDemo */ = {
			isa = PBXNativeTarget;
			buildConfigurationList = 840571A12B260C85003A43A7 /* Build configuration list for PBXNativeTarget "warDemo" */;
			buildPhases = (
				840571792B260C82003A43A7 /* Sources */,
				8405717A2B260C82003A43A7 /* Frameworks */,
				8405717B2B260C82003A43A7 /* Resources */,
			);
			buildRules = (
			);
			dependencies = (
			);
			name = warDemo;
			productName = warDemo;
			productReference = 8405717D2B260C82003A43A7 /* warDemo.app */;
			productType = "com.apple.product-type.application";
		};
		8405718C2B260C85003A43A7 /* warDemoTests */ = {
			isa = PBXNativeTarget;
			buildConfigurationList = 840571A42B260C85003A43A7 /* Build configuration list for PBXNativeTarget "warDemoTests" */;
			buildPhases = (
				840571892B260C85003A43A7 /* Sources */,
				8405718A2B260C85003A43A7 /* Frameworks */,
				8405718B2B260C85003A43A7 /* Resources */,
			);
			buildRules = (
			);
			dependencies = (
				8405718F2B260C85003A43A7 /* PBXTargetDependency */,
			);
			name = warDemoTests;
			productName = warDemoTests;
			productReference = 8405718D2B260C85003A43A7 /* warDemoTests.xctest */;
			productType = "com.apple.product-type.bundle.unit-test";
		};
		840571962B260C85003A43A7 /* warDemoUITests */ = {
			isa = PBXNativeTarget;
			buildConfigurationList = 840571A72B260C85003A43A7 /* Build configuration list for PBXNativeTarget "warDemoUITests" */;
			buildPhases = (
				840571932B260C85003A43A7 /* Sources */,
				840571942B260C85003A43A7 /* Frameworks */,
				840571952B260C85003A43A7 /* Resources */,
			);
			buildRules = (
			);
			dependencies = (
				840571992B260C85003A43A7 /* PBXTargetDependency */,
			);
			name = warDemoUITests;
			productName = warDemoUITests;
			productReference = 840571972B260C85003A43A7 /* warDemoUITests.xctest */;
			productType = "com.apple.product-type.bundle.ui-testing";
		};
/* End PBXNativeTarget section */

/* Begin PBXProject section */
		840571752B260C82003A43A7 /* Project object */ = {
			isa = PBXProject;
			attributes = {
				BuildIndependentTargetsInParallel = 1;
				LastSwiftUpdateCheck = 1430;
				LastUpgradeCheck = 1430;
				TargetAttributes = {
					8405717C2B260C82003A43A7 = {
						CreatedOnToolsVersion = 14.3.1;
					};
					8405718C2B260C85003A43A7 = {
						CreatedOnToolsVersion = 14.3.1;
						TestTargetID = 8405717C2B260C82003A43A7;
					};
					840571962B260C85003A43A7 = {
						CreatedOnToolsVersion = 14.3.1;
						TestTargetID = 8405717C2B260C82003A43A7;
					};
				};
			};
			buildConfigurationList = 840571782B260C82003A43A7 /* Build configuration list for PBXProject "warDemo" */;
			compatibilityVersion = "Xcode 14.0";
			developmentRegion = en;
			hasScannedForEncodings = 0;
			knownRegions = (
				en,
				Base,
			);
			mainGroup = 840571742B260C82003A43A7;
			productRefGroup = 8405717E2B260C82003A43A7 /* Products */;
			projectDirPath = "";
			projectRoot = "";
			targets = (
				8405717C2B260C82003A43A7 /* warDemo */,
				8405718C2B260C85003A43A7 /* warDemoTests */,
				840571962B260C85003A43A7 /* warDemoUITests */,
			);
		};
/* End PBXProject section */

/* Begin PBXResourcesBuildPhase section */
		8405717B2B260C82003A43A7 /* Resources */ = {
			isa = PBXResourcesBuildPhase;
			buildActionMask = 2147483647;
			files = (
				84B792302B264BAD000B8F7E /* Launch Screen.storyboard in Resources */,
				840571882B260C85003A43A7 /* Preview Assets.xcassets in Resources */,
				840571852B260C85003A43A7 /* Assets.xcassets in Resources */,
			);
			runOnlyForDeploymentPostprocessing = 0;
		};
		8405718B2B260C85003A43A7 /* Resources */ = {
			isa = PBXResourcesBuildPhase;
			buildActionMask = 2147483647;
			files = (
			);
			runOnlyForDeploymentPostprocessing = 0;
		};
		840571952B260C85003A43A7 /* Resources */ = {
			isa = PBXResourcesBuildPhase;
			buildActionMask = 2147483647;
			files = (
			);
			runOnlyForDeploymentPostprocessing = 0;
		};
/* End PBXResourcesBuildPhase section */

/* Begin PBXSourcesBuildPhase section */
		840571792B260C82003A43A7 /* Sources */ = {
			isa = PBXSourcesBuildPhase;
			buildActionMask = 2147483647;
			files = (
				84A338282B27825500544775 /* UnoGameModel.swift in Sources */,
				84A338262B26824800544775 /* UnoGame.swift in Sources */,
				840571832B260C82003A43A7 /* GameScreen.swift in Sources */,
				840571812B260C82003A43A7 /* warDemoApp.swift in Sources */,
				84B792322B265A33000B8F7E /* HomeScreen'.swift in Sources */,
			);
			runOnlyForDeploymentPostprocessing = 0;
		};
		840571892B260C85003A43A7 /* Sources */ = {
			isa = PBXSourcesBuildPhase;
			buildActionMask = 2147483647;
			files = (
				840571922B260C85003A43A7 /* warDemoTests.swift in Sources */,
			);
			runOnlyForDeploymentPostprocessing = 0;
		};
		840571932B260C85003A43A7 /* Sources */ = {
			isa = PBXSourcesBuildPhase;
			buildActionMask = 2147483647;
			files = (
				8405719E2B260C85003A43A7 /* warDemoUITestsLaunchTests.swift in Sources */,
				8405719C2B260C85003A43A7 /* warDemoUITests.swift in Sources */,
			);
			runOnlyForDeploymentPostprocessing = 0;
		};
/* End PBXSourcesBuildPhase section */

/* Begin PBXTargetDependency section */
		8405718F2B260C85003A43A7 /* PBXTargetDependency */ = {
			isa = PBXTargetDependency;
			target = 8405717C2B260C82003A43A7 /* warDemo */;
			targetProxy = 8405718E2B260C85003A43A7 /* PBXContainerItemProxy */;
		};
		840571992B260C85003A43A7 /* PBXTargetDependency */ = {
			isa = PBXTargetDependency;
			target = 8405717C2B260C82003A43A7 /* warDemo */;
			targetProxy = 840571982B260C85003A43A7 /* PBXContainerItemProxy */;
		};
/* End PBXTargetDependency section */

/* Begin XCBuildConfiguration section */
		8405719F2B260C85003A43A7 /* Debug */ = {
			isa = XCBuildConfiguration;
			buildSettings = {
				ALWAYS_SEARCH_USER_PATHS = NO;
				CLANG_ANALYZER_NONNULL = YES;
				CLANG_ANALYZER_NUMBER_OBJECT_CONVERSION = YES_AGGRESSIVE;
				CLANG_CXX_LANGUAGE_STANDARD = "gnu++20";
				CLANG_ENABLE_MODULES = YES;
				CLANG_ENABLE_OBJC_ARC = YES;
				CLANG_ENABLE_OBJC_WEAK = YES;
				CLANG_WARN_BLOCK_CAPTURE_AUTORELEASING = YES;
				CLANG_WARN_BOOL_CONVERSION = YES;
				CLANG_WARN_COMMA = YES;
				CLANG_WARN_CONSTANT_CONVERSION = YES;
				CLANG_WARN_DEPRECATED_OBJC_IMPLEMENTATIONS = YES;
				CLANG_WARN_DIRECT_OBJC_ISA_USAGE = YES_ERROR;
				CLANG_WARN_DOCUMENTATION_COMMENTS = YES;
				CLANG_WARN_EMPTY_BODY = YES;
				CLANG_WARN_ENUM_CONVERSION = YES;
				CLANG_WARN_INFINITE_RECURSION = YES;
				CLANG_WARN_INT_CONVERSION = YES;
				CLANG_WARN_NON_LITERAL_NULL_CONVERSION = YES;
				CLANG_WARN_OBJC_IMPLICIT_RETAIN_SELF = YES;
				CLANG_WARN_OBJC_LITERAL_CONVERSION = YES;
				CLANG_WARN_OBJC_ROOT_CLASS = YES_ERROR;
				CLANG_WARN_QUOTED_INCLUDE_IN_FRAMEWORK_HEADER = YES;
				CLANG_WARN_RANGE_LOOP_ANALYSIS = YES;
				CLANG_WARN_STRICT_PROTOTYPES = YES;
				CLANG_WARN_SUSPICIOUS_MOVE = YES;
				CLANG_WARN_UNGUARDED_AVAILABILITY = YES_AGGRESSIVE;
				CLANG_WARN_UNREACHABLE_CODE = YES;
				CLANG_WARN__DUPLICATE_METHOD_MATCH = YES;
				COPY_PHASE_STRIP = NO;
				DEBUG_INFORMATION_FORMAT = dwarf;
				ENABLE_STRICT_OBJC_MSGSEND = YES;
				ENABLE_TESTABILITY = YES;
				GCC_C_LANGUAGE_STANDARD = gnu11;
				GCC_DYNAMIC_NO_PIC = NO;
				GCC_NO_COMMON_BLOCKS = YES;
				GCC_OPTIMIZATION_LEVEL = 0;
				GCC_PREPROCESSOR_DEFINITIONS = (
					"DEBUG=1",
					"$(inherited)",
				);
				GCC_WARN_64_TO_32_BIT_CONVERSION = YES;
				GCC_WARN_ABOUT_RETURN_TYPE = YES_ERROR;
				GCC_WARN_UNDECLARED_SELECTOR = YES;
				GCC_WARN_UNINITIALIZED_AUTOS = YES_AGGRESSIVE;
				GCC_WARN_UNUSED_FUNCTION = YES;
				GCC_WARN_UNUSED_VARIABLE = YES;
				IPHONEOS_DEPLOYMENT_TARGET = 16.4;
				MTL_ENABLE_DEBUG_INFO = INCLUDE_SOURCE;
				MTL_FAST_MATH = YES;
				ONLY_ACTIVE_ARCH = YES;
				SDKROOT = iphoneos;
				SWIFT_ACTIVE_COMPILATION_CONDITIONS = DEBUG;
				SWIFT_OPTIMIZATION_LEVEL = "-Onone";
			};
			name = Debug;
		};
		840571A02B260C85003A43A7 /* Release */ = {
			isa = XCBuildConfiguration;
			buildSettings = {
				ALWAYS_SEARCH_USER_PATHS = NO;
				CLANG_ANALYZER_NONNULL = YES;
				CLANG_ANALYZER_NUMBER_OBJECT_CONVERSION = YES_AGGRESSIVE;
				CLANG_CXX_LANGUAGE_STANDARD = "gnu++20";
				CLANG_ENABLE_MODULES = YES;
				CLANG_ENABLE_OBJC_ARC = YES;
				CLANG_ENABLE_OBJC_WEAK = YES;
				CLANG_WARN_BLOCK_CAPTURE_AUTORELEASING = YES;
				CLANG_WARN_BOOL_CONVERSION = YES;
				CLANG_WARN_COMMA = YES;
				CLANG_WARN_CONSTANT_CONVERSION = YES;
				CLANG_WARN_DEPRECATED_OBJC_IMPLEMENTATIONS = YES;
				CLANG_WARN_DIRECT_OBJC_ISA_USAGE = YES_ERROR;
				CLANG_WARN_DOCUMENTATION_COMMENTS = YES;
				CLANG_WARN_EMPTY_BODY = YES;
				CLANG_WARN_ENUM_CONVERSION = YES;
				CLANG_WARN_INFINITE_RECURSION = YES;
				CLANG_WARN_INT_CONVERSION = YES;
				CLANG_WARN_NON_LITERAL_NULL_CONVERSION = YES;
				CLANG_WARN_OBJC_IMPLICIT_RETAIN_SELF = YES;
				CLANG_WARN_OBJC_LITERAL_CONVERSION = YES;
				CLANG_WARN_OBJC_ROOT_CLASS = YES_ERROR;
				CLANG_WARN_QUOTED_INCLUDE_IN_FRAMEWORK_HEADER = YES;
				CLANG_WARN_RANGE_LOOP_ANALYSIS = YES;
				CLANG_WARN_STRICT_PROTOTYPES = YES;
				CLANG_WARN_SUSPICIOUS_MOVE = YES;
				CLANG_WARN_UNGUARDED_AVAILABILITY = YES_AGGRESSIVE;
				CLANG_WARN_UNREACHABLE_CODE = YES;
				CLANG_WARN__DUPLICATE_METHOD_MATCH = YES;
				COPY_PHASE_STRIP = NO;
				DEBUG_INFORMATION_FORMAT = "dwarf-with-dsym";
				ENABLE_NS_ASSERTIONS = NO;
				ENABLE_STRICT_OBJC_MSGSEND = YES;
				GCC_C_LANGUAGE_STANDARD = gnu11;
				GCC_NO_COMMON_BLOCKS = YES;
				GCC_WARN_64_TO_32_BIT_CONVERSION = YES;
				GCC_WARN_ABOUT_RETURN_TYPE = YES_ERROR;
				GCC_WARN_UNDECLARED_SELECTOR = YES;
				GCC_WARN_UNINITIALIZED_AUTOS = YES_AGGRESSIVE;
				GCC_WARN_UNUSED_FUNCTION = YES;
				GCC_WARN_UNUSED_VARIABLE = YES;
				IPHONEOS_DEPLOYMENT_TARGET = 16.4;
				MTL_ENABLE_DEBUG_INFO = NO;
				MTL_FAST_MATH = YES;
				SDKROOT = iphoneos;
				SWIFT_COMPILATION_MODE = wholemodule;
				SWIFT_OPTIMIZATION_LEVEL = "-O";
				VALIDATE_PRODUCT = YES;
			};
			name = Release;
		};
		840571A22B260C85003A43A7 /* Debug */ = {
			isa = XCBuildConfiguration;
			buildSettings = {
				ASSETCATALOG_COMPILER_APPICON_NAME = AppIcon;
				ASSETCATALOG_COMPILER_GLOBAL_ACCENT_COLOR_NAME = AccentColor;
				CODE_SIGN_STYLE = Automatic;
				CURRENT_PROJECT_VERSION = 1;
				DEVELOPMENT_ASSET_PATHS = "\"warDemo/Preview Content\"";
				ENABLE_PREVIEWS = YES;
				GENERATE_INFOPLIST_FILE = YES;
				INFOPLIST_KEY_UIApplicationSceneManifest_Generation = YES;
				INFOPLIST_KEY_UIApplicationSupportsIndirectInputEvents = YES;
				INFOPLIST_KEY_UILaunchScreen_Generation = YES;
				INFOPLIST_KEY_UILaunchStoryboardName = "Launch Screen.storyboard";
				INFOPLIST_KEY_UISupportedInterfaceOrientations_iPad = "UIInterfaceOrientationPortrait UIInterfaceOrientationPortraitUpsideDown UIInterfaceOrientationLandscapeLeft UIInterfaceOrientationLandscapeRight";
				INFOPLIST_KEY_UISupportedInterfaceOrientations_iPhone = "UIInterfaceOrientationPortrait UIInterfaceOrientationLandscapeLeft UIInterfaceOrientationLandscapeRight";
				LD_RUNPATH_SEARCH_PATHS = (
					"$(inherited)",
					"@executable_path/Frameworks",
				);
				MARKETING_VERSION = 1.0;
				PRODUCT_BUNDLE_IDENTIFIER = "Arjun-R.warDemo";
				PRODUCT_NAME = "$(TARGET_NAME)";
				SWIFT_EMIT_LOC_STRINGS = YES;
				SWIFT_VERSION = 5.0;
				TARGETED_DEVICE_FAMILY = "1,2";
			};
			name = Debug;
		};
		840571A32B260C85003A43A7 /* Release */ = {
			isa = XCBuildConfiguration;
			buildSettings = {
				ASSETCATALOG_COMPILER_APPICON_NAME = AppIcon;
				ASSETCATALOG_COMPILER_GLOBAL_ACCENT_COLOR_NAME = AccentColor;
				CODE_SIGN_STYLE = Automatic;
				CURRENT_PROJECT_VERSION = 1;
				DEVELOPMENT_ASSET_PATHS = "\"warDemo/Preview Content\"";
				ENABLE_PREVIEWS = YES;
				GENERATE_INFOPLIST_FILE = YES;
				INFOPLIST_KEY_UIApplicationSceneManifest_Generation = YES;
				INFOPLIST_KEY_UIApplicationSupportsIndirectInputEvents = YES;
				INFOPLIST_KEY_UILaunchScreen_Generation = YES;
				INFOPLIST_KEY_UILaunchStoryboardName = "Launch Screen.storyboard";
				INFOPLIST_KEY_UISupportedInterfaceOrientations_iPad = "UIInterfaceOrientationPortrait UIInterfaceOrientationPortraitUpsideDown UIInterfaceOrientationLandscapeLeft UIInterfaceOrientationLandscapeRight";
				INFOPLIST_KEY_UISupportedInterfaceOrientations_iPhone = "UIInterfaceOrientationPortrait UIInterfaceOrientationLandscapeLeft UIInterfaceOrientationLandscapeRight";
				LD_RUNPATH_SEARCH_PATHS = (
					"$(inherited)",
					"@executable_path/Frameworks",
				);
				MARKETING_VERSION = 1.0;
				PRODUCT_BUNDLE_IDENTIFIER = "Arjun-R.warDemo";
				PRODUCT_NAME = "$(TARGET_NAME)";
				SWIFT_EMIT_LOC_STRINGS = YES;
				SWIFT_VERSION = 5.0;
				TARGETED_DEVICE_FAMILY = "1,2";
			};
			name = Release;
		};
		840571A52B260C85003A43A7 /* Debug */ = {
			isa = XCBuildConfiguration;
			buildSettings = {
				ALWAYS_EMBED_SWIFT_STANDARD_LIBRARIES = YES;
				BUNDLE_LOADER = "$(TEST_HOST)";
				CODE_SIGN_STYLE = Automatic;
				CURRENT_PROJECT_VERSION = 1;
				GENERATE_INFOPLIST_FILE = YES;
				IPHONEOS_DEPLOYMENT_TARGET = 16.4;
				MARKETING_VERSION = 1.0;
				PRODUCT_BUNDLE_IDENTIFIER = "Arjun-R.warDemoTests";
				PRODUCT_NAME = "$(TARGET_NAME)";
				SWIFT_EMIT_LOC_STRINGS = NO;
				SWIFT_VERSION = 5.0;
				TARGETED_DEVICE_FAMILY = "1,2";
				TEST_HOST = "$(BUILT_PRODUCTS_DIR)/warDemo.app/$(BUNDLE_EXECUTABLE_FOLDER_PATH)/warDemo";
			};
			name = Debug;
		};
		840571A62B260C85003A43A7 /* Release */ = {
			isa = XCBuildConfiguration;
			buildSettings = {
				ALWAYS_EMBED_SWIFT_STANDARD_LIBRARIES = YES;
				BUNDLE_LOADER = "$(TEST_HOST)";
				CODE_SIGN_STYLE = Automatic;
				CURRENT_PROJECT_VERSION = 1;
				GENERATE_INFOPLIST_FILE = YES;
				IPHONEOS_DEPLOYMENT_TARGET = 16.4;
				MARKETING_VERSION = 1.0;
				PRODUCT_BUNDLE_IDENTIFIER = "Arjun-R.warDemoTests";
				PRODUCT_NAME = "$(TARGET_NAME)";
				SWIFT_EMIT_LOC_STRINGS = NO;
				SWIFT_VERSION = 5.0;
				TARGETED_DEVICE_FAMILY = "1,2";
				TEST_HOST = "$(BUILT_PRODUCTS_DIR)/warDemo.app/$(BUNDLE_EXECUTABLE_FOLDER_PATH)/warDemo";
			};
			name = Release;
		};
		840571A82B260C85003A43A7 /* Debug */ = {
			isa = XCBuildConfiguration;
			buildSettings = {
				ALWAYS_EMBED_SWIFT_STANDARD_LIBRARIES = YES;
				CODE_SIGN_STYLE = Automatic;
				CURRENT_PROJECT_VERSION = 1;
				GENERATE_INFOPLIST_FILE = YES;
				MARKETING_VERSION = 1.0;
				PRODUCT_BUNDLE_IDENTIFIER = "Arjun-R.warDemoUITests";
				PRODUCT_NAME = "$(TARGET_NAME)";
				SWIFT_EMIT_LOC_STRINGS = NO;
				SWIFT_VERSION = 5.0;
				TARGETED_DEVICE_FAMILY = "1,2";
				TEST_TARGET_NAME = warDemo;
			};
			name = Debug;
		};
		840571A92B260C85003A43A7 /* Release */ = {
			isa = XCBuildConfiguration;
			buildSettings = {
				ALWAYS_EMBED_SWIFT_STANDARD_LIBRARIES = YES;
				CODE_SIGN_STYLE = Automatic;
				CURRENT_PROJECT_VERSION = 1;
				GENERATE_INFOPLIST_FILE = YES;
				MARKETING_VERSION = 1.0;
				PRODUCT_BUNDLE_IDENTIFIER = "Arjun-R.warDemoUITests";
				PRODUCT_NAME = "$(TARGET_NAME)";
				SWIFT_EMIT_LOC_STRINGS = NO;
				SWIFT_VERSION = 5.0;
				TARGETED_DEVICE_FAMILY = "1,2";
				TEST_TARGET_NAME = warDemo;
			};
			name = Release;
		};
/* End XCBuildConfiguration section */

/* Begin XCConfigurationList section */
		840571782B260C82003A43A7 /* Build configuration list for PBXProject "warDemo" */ = {
			isa = XCConfigurationList;
			buildConfigurations = (
				8405719F2B260C85003A43A7 /* Debug */,
				840571A02B260C85003A43A7 /* Release */,
			);
			defaultConfigurationIsVisible = 0;
			defaultConfigurationName = Release;
		};
		840571A12B260C85003A43A7 /* Build configuration list for PBXNativeTarget "warDemo" */ = {
			isa = XCConfigurationList;
			buildConfigurations = (
				840571A22B260C85003A43A7 /* Debug */,
				840571A32B260C85003A43A7 /* Release */,
			);
			defaultConfigurationIsVisible = 0;
			defaultConfigurationName = Release;
		};
		840571A42B260C85003A43A7 /* Build configuration list for PBXNativeTarget "warDemoTests" */ = {
			isa = XCConfigurationList;
			buildConfigurations = (
				840571A52B260C85003A43A7 /* Debug */,
				840571A62B260C85003A43A7 /* Release */,
			);
			defaultConfigurationIsVisible = 0;
			defaultConfigurationName = Release;
		};
		840571A72B260C85003A43A7 /* Build configuration list for PBXNativeTarget "warDemoUITests" */ = {
			isa = XCConfigurationList;
			buildConfigurations = (
				840571A82B260C85003A43A7 /* Debug */,
				840571A92B260C85003A43A7 /* Release */,
			);
			defaultConfigurationIsVisible = 0;
			defaultConfigurationName = Release;
		};
/* End XCConfigurationList section */
	};
	rootObject = 840571752B260C82003A43A7 /* Project object */;
}
